
Microsoft Visual Studio Solution File, Format Version 12.00
# Visual Studio Version 16
VisualStudioVersion = 16.0.31702.278
MinimumVisualStudioVersion = 10.0.40219.1
Project("{FAE04EC0-301F-11D3-BF4B-00C04F79EFBC}") = "Server", "Server.csproj", "{87E047A2-902F-4DEE-8101-4A83919A60C0}"
EndProject
Global
	GlobalSection(SolutionConfigurationPlatforms) = preSolution
		Debug|Any CPU = Debug|Any CPU
		Release|Any CPU = Release|Any CPU
	EndGlobalSection
	GlobalSection(ProjectConfigurationPlatforms) = postSolution
		{87E047A2-902F-4DEE-8101-4A83919A60C0}.Debug|Any CPU.ActiveCfg = Debug|Any CPU
		{87E047A2-902F-4DEE-8101-4A83919A60C0}.Debug|Any CPU.Build.0 = Debug|Any CPU
		{87E047A2-902F-4DEE-8101-4A83919A60C0}.Release|Any CPU.ActiveCfg = Release|Any CPU
		{87E047A2-902F-4DEE-8101-4A83919A60C0}.Release|Any CPU.Build.0 = Release|Any CPU
	EndGlobalSection
	GlobalSection(SolutionProperties) = preSolution
		HideSolutionNode = FALSE
	EndGlobalSection
	GlobalSection(ExtensibilityGlobals) = postSolution
		SolutionGuid = {DAE5E4FF-3194-4B64-9410-528CB964AE79}
	EndGlobalSection
EndGlobal
